
Microsoft Visual Studio Solution File, Format Version 12.00
# Visual Studio Version 17
VisualStudioVersion = 17.4.33213.308
MinimumVisualStudioVersion = 10.0.40219.1
Project("{9A19103F-16F7-4668-BE54-9A1E7A4F7556}") = "GraphACSFunctions", "GraphACSFunctions\GraphACSFunctions.csproj", "{961A783B-B2AB-4129-9C40-FECAA1643378}"
EndProject
Global
	GlobalSection(SolutionConfigurationPlatforms) = preSolution
		Debug|Any CPU = Debug|Any CPU
		Release|Any CPU = Release|Any CPU
	EndGlobalSection
	GlobalSection(ProjectConfigurationPlatforms) = postSolution
		{961A783B-B2AB-4129-9C40-FECAA1643378}.Debug|Any CPU.ActiveCfg = Debug|Any CPU
		{961A783B-B2AB-4129-9C40-FECAA1643378}.Debug|Any CPU.Build.0 = Debug|Any CPU
		{961A783B-B2AB-4129-9C40-FECAA1643378}.Release|Any CPU.ActiveCfg = Release|Any CPU
		{961A783B-B2AB-4129-9C40-FECAA1643378}.Release|Any CPU.Build.0 = Release|Any CPU
	EndGlobalSection
	GlobalSection(SolutionProperties) = preSolution
		HideSolutionNode = FALSE
	EndGlobalSection
	GlobalSection(ExtensibilityGlobals) = postSolution
		SolutionGuid = {A692C73B-E810-43B2-9FF9-CD2380B75480}
	EndGlobalSection
EndGlobal
